github.com/humin09/helloworld v0.0.0-20200516012738-86427834199c h1:iPL5ZxmzGmH6ijcRhSkoiCfgWuA2C2lCe7Q8ZOsz3R0=
github.com/humin09/helloworld v0.0.0-20200516012738-86427834199c/go.mod h1:NPtGSJYXaSsOZzRYF0OnwkjJKSs9uC2b1soHWWfLp5c=
github.com/humin09/helloworld v1.0.1 h1:yJh0dZXUKnLStQld+f1MLKRBFW8QG676H8eVNQJWL6k=
github.com/humin09/helloworld v1.0.1/go.mod h1:NPtGSJYXaSsOZzRYF0OnwkjJKSs9uC2b1soHWWfLp5c=
